
Microsoft Visual Studio Solution File, Format Version 12.00
# Visual Studio 15
VisualStudioVersion = 15.0.27428.2011
MinimumVisualStudioVersion = 10.0.40219.1
Project("{FAE04EC0-301F-11D3-BF4B-00C04F79EFBC}") = "YazlabII-Client", "YazlabII-Client\YazlabII-Client.csproj", "{E6178EC6-9F7B-46E7-ABE5-6D1FC509F546}"
EndProject
Global
	GlobalSection(SolutionConfigurationPlatforms) = preSolution
		Debug|Any CPU = Debug|Any CPU
		Release|Any CPU = Release|Any CPU
	EndGlobalSection
	GlobalSection(ProjectConfigurationPlatforms) = postSolution
		{E6178EC6-9F7B-46E7-ABE5-6D1FC509F546}.Debug|Any CPU.ActiveCfg = Debug|Any CPU
		{E6178EC6-9F7B-46E7-ABE5-6D1FC509F546}.Debug|Any CPU.Build.0 = Debug|Any CPU
		{E6178EC6-9F7B-46E7-ABE5-6D1FC509F546}.Release|Any CPU.ActiveCfg = Release|Any CPU
		{E6178EC6-9F7B-46E7-ABE5-6D1FC509F546}.Release|Any CPU.Build.0 = Release|Any CPU
	EndGlobalSection
	GlobalSection(SolutionProperties) = preSolution
		HideSolutionNode = FALSE
	EndGlobalSection
	GlobalSection(ExtensibilityGlobals) = postSolution
		SolutionGuid = {A913CB49-1ADC-4404-BC6A-EDF2B4F94D52}
	EndGlobalSection
EndGlobal
